
Microsoft Visual Studio Solution File, Format Version 12.00
# Visual Studio Version 16
VisualStudioVersion = 16.0.32002.261
MinimumVisualStudioVersion = 10.0.40219.1
Project("{FAE04EC0-301F-11D3-BF4B-00C04F79EFBC}") = "rest_api_m1", "rest_api_m1.csproj", "{968FF711-DBCA-4D59-B9CA-613B49607C25}"
EndProject
Global
	GlobalSection(SolutionConfigurationPlatforms) = preSolution
		Debug|Any CPU = Debug|Any CPU
		Release|Any CPU = Release|Any CPU
	EndGlobalSection
	GlobalSection(ProjectConfigurationPlatforms) = postSolution
		{968FF711-DBCA-4D59-B9CA-613B49607C25}.Debug|Any CPU.ActiveCfg = Debug|Any CPU
		{968FF711-DBCA-4D59-B9CA-613B49607C25}.Debug|Any CPU.Build.0 = Debug|Any CPU
		{968FF711-DBCA-4D59-B9CA-613B49607C25}.Release|Any CPU.ActiveCfg = Release|Any CPU
		{968FF711-DBCA-4D59-B9CA-613B49607C25}.Release|Any CPU.Build.0 = Release|Any CPU
	EndGlobalSection
	GlobalSection(SolutionProperties) = preSolution
		HideSolutionNode = FALSE
	EndGlobalSection
	GlobalSection(ExtensibilityGlobals) = postSolution
		SolutionGuid = {04E6CD89-187C-4E38-836D-5E7CFEF164AB}
	EndGlobalSection
EndGlobal
